{
	"name": "website",
	"lockfileVersion": 2,
	"requires": true,
	"packages": {
		"": {
			"name": "website",
			"license": "GPLv3",
			"dependencies": {
				"sys-nodehttp": "^1.7.0"
			}
		},
		"node_modules/sys-nodehttp": {
			"version": "1.7.0",
			"resolved": "https://registry.npmjs.org/sys-nodehttp/-/sys-nodehttp-1.7.0.tgz",
			"integrity": "sha512-QVBkxwvEacNG7NjOlTDbJdLBamhoVAA22DeyTZ9kwyQjQyi8WjBD3Ttit1qoWZZ+2W2HoUH3/7zM48r+c93x+A=="
		}
	},
	"dependencies": {
		"sys-nodehttp": {
			"version": "1.7.0",
			"resolved": "https://registry.npmjs.org/sys-nodehttp/-/sys-nodehttp-1.7.0.tgz",
			"integrity": "sha512-QVBkxwvEacNG7NjOlTDbJdLBamhoVAA22DeyTZ9kwyQjQyi8WjBD3Ttit1qoWZZ+2W2HoUH3/7zM48r+c93x+A=="
		}
	}
}
